<?xml version="1.0" encoding="utf-8"?>
<Project ToolsVersion="4.0" xmlns="http://schemas.microsoft.com/developer/msbuild/2003">
  <ItemGroup>
    <ClCompile Include="BlitQuad.cpp">
      <Filter>Graphics\Sources</Filter>
    </ClCompile>
    <ClCompile Include="GAShader.cpp">
      <Filter>Graphics\Sources</Filter>
    </ClCompile>
    <ClCompile Include="gbuffer.cpp">
      <Filter>Graphics\Sources</Filter>
    </ClCompile>
    <ClCompile Include="LightShader.cpp">
      <Filter>Graphics\Sources</Filter>
    </ClCompile>
    <ClCompile Include="GuiShader.cpp">
      <Filter>Graphics\Sources</Filter>
    </ClCompile>
    <ClCompile Include="InGameGui.cpp">
      <Filter>GUI\Sources</Filter>
    </ClCompile>
    <ClCompile Include="Enemy.cpp">
      <Filter>Source Files</Filter>
    </ClCompile>
    <ClCompile Include="GameState.cpp">
      <Filter>Source Files</Filter>
    </ClCompile>
    <ClCompile Include="GObject.cpp">
      <Filter>Source Files</Filter>
    </ClCompile>
    <ClCompile Include="stb_image.c">
      <Filter>Header Files\Stb_image</Filter>
    </ClCompile>
    <ClCompile Include="Audio.cpp">
      <Filter>Source Files</Filter>
    </ClCompile>
    <ClCompile Include="main.cpp">
      <Filter>Source Files</Filter>
    </ClCompile>
    <ClCompile Include="Player.cpp">
      <Filter>Source Files</Filter>
    </ClCompile>
    <ClCompile Include="Render.cpp">
      <Filter>Source Files</Filter>
    </ClCompile>
    <ClCompile Include="GuiManager.cpp">
      <Filter>GUI\Sources</Filter>
    </ClCompile>
    <ClCompile Include="ShopUI.cpp">
      <Filter>GUI\Sources</Filter>
    </ClCompile>
    <ClCompile Include="BoundingPolygon.cpp">
      <Filter>Source Files</Filter>
    </ClCompile>
  </ItemGroup>
  <ItemGroup>
    <ClInclude Include="BlitQuad.h">
      <Filter>Graphics\Headers</Filter>
    </ClInclude>
    <ClInclude Include="GAShader.h">
      <Filter>Graphics\Headers</Filter>
    </ClInclude>
    <ClInclude Include="gbuffer.h">
      <Filter>Graphics\Headers</Filter>
    </ClInclude>
    <ClInclude Include="LightShader.h">
      <Filter>Graphics\Headers</Filter>
    </ClInclude>
    <ClInclude Include="GuiShader.h">
      <Filter>Graphics\Headers</Filter>
    </ClInclude>
    <ClInclude Include="MenuButton.h">
      <Filter>GUI\Headers</Filter>
    </ClInclude>
    <ClInclude Include="InGameGui.h">
      <Filter>GUI\Headers</Filter>
    </ClInclude>
    <ClInclude Include="Audio.h">
      <Filter>Header Files</Filter>
    </ClInclude>
    <ClInclude Include="Enemy.h">
      <Filter>Header Files</Filter>
    </ClInclude>
    <ClInclude Include="GameState.h">
      <Filter>Header Files</Filter>
    </ClInclude>
    <ClInclude Include="GObject.h">
      <Filter>Header Files</Filter>
    </ClInclude>
    <ClInclude Include="Vertex.h">
      <Filter>Header Files\Structs</Filter>
    </ClInclude>
    <ClInclude Include="stb_image.h">
      <Filter>Header Files\Stb_image</Filter>
    </ClInclude>
    <ClInclude Include="lua.h">
      <Filter>Header Files\Lua</Filter>
    </ClInclude>
    <ClInclude Include="lauxlib.h">
      <Filter>Header Files\Lua</Filter>
    </ClInclude>
    <ClInclude Include="lua.hpp">
      <Filter>Header Files\Lua</Filter>
    </ClInclude>
    <ClInclude Include="luaconf.h">
      <Filter>Header Files\Lua</Filter>
    </ClInclude>
    <ClInclude Include="lualib.h">
      <Filter>Header Files\Lua</Filter>
    </ClInclude>
    <ClInclude Include="Player.h">
      <Filter>Header Files</Filter>
    </ClInclude>
    <ClInclude Include="Render.h">
      <Filter>Header Files</Filter>
    </ClInclude>
    <ClInclude Include="SpotLight.h">
      <Filter>Graphics\Headers</Filter>
    </ClInclude>
    <ClInclude Include="GuiManager.h">
      <Filter>GUI\Headers</Filter>
    </ClInclude>
    <ClInclude Include="ShopUI.h">
      <Filter>GUI\Headers</Filter>
    </ClInclude>
    <ClInclude Include="BoundingPolygon.h">
      <Filter>Header Files</Filter>
    </ClInclude>
    <ClInclude Include="BoundingRect.h">
      <Filter>Header Files\Structs</Filter>
    </ClInclude>
  </ItemGroup>
  <ItemGroup>
    <None Include="Arena.dat">
      <Filter>Resource Files</Filter>
    </None>
    <None Include="ArenaReader.lua">
      <Filter>Resource Files</Filter>
    </None>
    <None Include="EnemyReader.lua">
      <Filter>Resource Files</Filter>
    </None>
    <None Include="EnemyWaves.dat">
      <Filter>Resource Files</Filter>
    </None>
    <None Include="gui.lua">
      <Filter>Resource Files</Filter>
    </None>
    <None Include="LuaButton.lua">
      <Filter>Resource Files</Filter>
    </None>
    <None Include="savedGame.dat">
      <Filter>Resource Files</Filter>
    </None>
    <None Include="debugWave.dat">
      <Filter>Resource Files</Filter>
    </None>
    <None Include="defeatSave.dat">
      <Filter>Resource Files</Filter>
    </None>
    <None Include="savedGameExist.dat">
      <Filter>Resource Files</Filter>
    </None>
  </ItemGroup>
  <ItemGroup>
    <Filter Include="GUI">
      <UniqueIdentifier>{d5de1873-660c-47f0-aa74-e88b1e1c8544}</UniqueIdentifier>
    </Filter>
    <Filter Include="Graphics">
      <UniqueIdentifier>{bca76cfc-d617-4865-8d89-e48fdc1c2228}</UniqueIdentifier>
    </Filter>
    <Filter Include="Resource Files">
      <UniqueIdentifier>{cf43db43-da5f-49d5-b84b-0da2c28b67de}</UniqueIdentifier>
    </Filter>
    <Filter Include="Graphics\Sources">
      <UniqueIdentifier>{6663f6a3-2833-484d-9a19-5e67929ec0c7}</UniqueIdentifier>
    </Filter>
    <Filter Include="GUI\Headers">
      <UniqueIdentifier>{1e4e83f5-7cd2-4a7c-af5c-4b63b3374bbb}</UniqueIdentifier>
    </Filter>
    <Filter Include="GUI\Sources">
      <UniqueIdentifier>{252571b7-64b6-4591-af76-ce746833af6f}</UniqueIdentifier>
    </Filter>
    <Filter Include="Graphics\Headers">
      <UniqueIdentifier>{03cb4399-f89d-4341-baec-c120c56b435b}</UniqueIdentifier>
    </Filter>
    <Filter Include="Header Files">
      <UniqueIdentifier>{5c309f12-1323-4d21-9c24-fb75fc72540e}</UniqueIdentifier>
    </Filter>
    <Filter Include="Source Files">
      <UniqueIdentifier>{585abb53-5485-4e0d-8496-ffef8e7bc66c}</UniqueIdentifier>
    </Filter>
    <Filter Include="Header Files\Structs">
      <UniqueIdentifier>{0b6e693d-7aa7-4a5b-8e62-645ef3d68612}</UniqueIdentifier>
    </Filter>
    <Filter Include="Header Files\Stb_image">
      <UniqueIdentifier>{f31f3846-4389-4583-a28b-e5a4c50681ca}</UniqueIdentifier>
    </Filter>
    <Filter Include="Header Files\Lua">
      <UniqueIdentifier>{3d3cfca8-7704-46e4-8ca0-dccfab2977e1}</UniqueIdentifier>
    </Filter>
  </ItemGroup>
  <ItemGroup>
    <Text Include="1.txt">
      <Filter>Resource Files</Filter>
    </Text>
    <Text Include="2.txt">
      <Filter>Resource Files</Filter>
    </Text>
  </ItemGroup>
</Project>